
Microsoft Visual Studio Solution File, Format Version 12.00
# Visual Studio Version 16
VisualStudioVersion = 16.0.29728.190
MinimumVisualStudioVersion = 10.0.40219.1
Project("{FAE04EC0-301F-11D3-BF4B-00C04F79EFBC}") = "SeekAndArchive", "SeekAndArchive\SeekAndArchive.csproj", "{F6A32472-FFDD-4EEC-B1D1-C754BF3F4745}"
EndProject
Global
	GlobalSection(SolutionConfigurationPlatforms) = preSolution
		Debug|Any CPU = Debug|Any CPU
		Release|Any CPU = Release|Any CPU
	EndGlobalSection
	GlobalSection(ProjectConfigurationPlatforms) = postSolution
		{F6A32472-FFDD-4EEC-B1D1-C754BF3F4745}.Debug|Any CPU.ActiveCfg = Debug|Any CPU
		{F6A32472-FFDD-4EEC-B1D1-C754BF3F4745}.Debug|Any CPU.Build.0 = Debug|Any CPU
		{F6A32472-FFDD-4EEC-B1D1-C754BF3F4745}.Release|Any CPU.ActiveCfg = Release|Any CPU
		{F6A32472-FFDD-4EEC-B1D1-C754BF3F4745}.Release|Any CPU.Build.0 = Release|Any CPU
	EndGlobalSection
	GlobalSection(SolutionProperties) = preSolution
		HideSolutionNode = FALSE
	EndGlobalSection
	GlobalSection(ExtensibilityGlobals) = postSolution
		SolutionGuid = {260B8504-B146-425A-B1E6-F574FB25F346}
	EndGlobalSection
EndGlobal
