
Microsoft Visual Studio Solution File, Format Version 12.00
# Visual Studio Version 16
VisualStudioVersion = 16.0.29728.190
MinimumVisualStudioVersion = 10.0.40219.1
Project("{9A19103F-16F7-4668-BE54-9A1E7A4F7556}") = "Person", "Person\Person.csproj", "{92AC9266-47C2-46C5-BC28-772A59262396}"
EndProject
Project("{FAE04EC0-301F-11D3-BF4B-00C04F79EFBC}") = "TimerEvents", "TimerEvents\TimerEvents.csproj", "{9D9A2447-00A6-46DA-992F-310ADE2203C0}"
EndProject
Project("{FAE04EC0-301F-11D3-BF4B-00C04F79EFBC}") = "SortString", "SortString\SortString.csproj", "{8836168D-94A2-43AD-80BC-B2E5E2B78C14}"
EndProject
Global
	GlobalSection(SolutionConfigurationPlatforms) = preSolution
		Debug|Any CPU = Debug|Any CPU
		Release|Any CPU = Release|Any CPU
	EndGlobalSection
	GlobalSection(ProjectConfigurationPlatforms) = postSolution
		{92AC9266-47C2-46C5-BC28-772A59262396}.Debug|Any CPU.ActiveCfg = Debug|Any CPU
		{92AC9266-47C2-46C5-BC28-772A59262396}.Debug|Any CPU.Build.0 = Debug|Any CPU
		{92AC9266-47C2-46C5-BC28-772A59262396}.Release|Any CPU.ActiveCfg = Release|Any CPU
		{92AC9266-47C2-46C5-BC28-772A59262396}.Release|Any CPU.Build.0 = Release|Any CPU
		{9D9A2447-00A6-46DA-992F-310ADE2203C0}.Debug|Any CPU.ActiveCfg = Debug|Any CPU
		{9D9A2447-00A6-46DA-992F-310ADE2203C0}.Debug|Any CPU.Build.0 = Debug|Any CPU
		{9D9A2447-00A6-46DA-992F-310ADE2203C0}.Release|Any CPU.ActiveCfg = Release|Any CPU
		{9D9A2447-00A6-46DA-992F-310ADE2203C0}.Release|Any CPU.Build.0 = Release|Any CPU
		{8836168D-94A2-43AD-80BC-B2E5E2B78C14}.Debug|Any CPU.ActiveCfg = Debug|Any CPU
		{8836168D-94A2-43AD-80BC-B2E5E2B78C14}.Debug|Any CPU.Build.0 = Debug|Any CPU
		{8836168D-94A2-43AD-80BC-B2E5E2B78C14}.Release|Any CPU.ActiveCfg = Release|Any CPU
		{8836168D-94A2-43AD-80BC-B2E5E2B78C14}.Release|Any CPU.Build.0 = Release|Any CPU
	EndGlobalSection
	GlobalSection(SolutionProperties) = preSolution
		HideSolutionNode = FALSE
	EndGlobalSection
	GlobalSection(ExtensibilityGlobals) = postSolution
		SolutionGuid = {A69C8FE1-21F4-409B-A634-B823D1EAB0C6}
	EndGlobalSection
EndGlobal
